
Microsoft Visual Studio Solution File, Format Version 12.00
Project("{FAE04EC0-301F-11D3-BF4B-00C04F79EFBC}") = "Projeli.Shared.Domain", "Projeli.Shared.Domain\Projeli.Shared.Domain.csproj", "{C3A2A87A-250E-4D65-8EE0-B3D226346EF6}"
EndProject
Project("{FAE04EC0-301F-11D3-BF4B-00C04F79EFBC}") = "Projeli.Shared.Application", "Projeli.Shared.Application\Projeli.Shared.Application.csproj", "{1381DDF0-5DEB-4607-BA0C-7E3365EE6A41}"
EndProject
Project("{FAE04EC0-301F-11D3-BF4B-00C04F79EFBC}") = "Projeli.Shared.Infrastructure", "Projeli.Shared.Infrastructure\Projeli.Shared.Infrastructure.csproj", "{5D241201-D426-46EB-89CA-C1E28613CAFB}"
EndProject
Global
	GlobalSection(SolutionConfigurationPlatforms) = preSolution
		Debug|Any CPU = Debug|Any CPU
		Release|Any CPU = Release|Any CPU
	EndGlobalSection
	GlobalSection(ProjectConfigurationPlatforms) = postSolution
		{C3A2A87A-250E-4D65-8EE0-B3D226346EF6}.Debug|Any CPU.ActiveCfg = Debug|Any CPU
		{C3A2A87A-250E-4D65-8EE0-B3D226346EF6}.Debug|Any CPU.Build.0 = Debug|Any CPU
		{C3A2A87A-250E-4D65-8EE0-B3D226346EF6}.Release|Any CPU.ActiveCfg = Release|Any CPU
		{C3A2A87A-250E-4D65-8EE0-B3D226346EF6}.Release|Any CPU.Build.0 = Release|Any CPU
		{1381DDF0-5DEB-4607-BA0C-7E3365EE6A41}.Debug|Any CPU.ActiveCfg = Debug|Any CPU
		{1381DDF0-5DEB-4607-BA0C-7E3365EE6A41}.Debug|Any CPU.Build.0 = Debug|Any CPU
		{1381DDF0-5DEB-4607-BA0C-7E3365EE6A41}.Release|Any CPU.ActiveCfg = Release|Any CPU
		{1381DDF0-5DEB-4607-BA0C-7E3365EE6A41}.Release|Any CPU.Build.0 = Release|Any CPU
		{5D241201-D426-46EB-89CA-C1E28613CAFB}.Debug|Any CPU.ActiveCfg = Debug|Any CPU
		{5D241201-D426-46EB-89CA-C1E28613CAFB}.Debug|Any CPU.Build.0 = Debug|Any CPU
		{5D241201-D426-46EB-89CA-C1E28613CAFB}.Release|Any CPU.ActiveCfg = Release|Any CPU
		{5D241201-D426-46EB-89CA-C1E28613CAFB}.Release|Any CPU.Build.0 = Release|Any CPU
	EndGlobalSection
EndGlobal
